// !$*UTF8*$!
{
	archiveVersion = 1;
	classes = {
	};
	objectVersion = 50;
	objects = {

/* Begin PBXBuildFile section */
		8371683A2457541B00DA5700 /* AppDelegate.swift in Sources */ = {isa = PBXBuildFile; fileRef = 837168392457541B00DA5700 /* AppDelegate.swift */; };
		8371683C2457541B00DA5700 /* SceneDelegate.swift in Sources */ = {isa = PBXBuildFile; fileRef = 8371683B2457541B00DA5700 /* SceneDelegate.swift */; };
		8371683E2457541B00DA5700 /* ViewController.swift in Sources */ = {isa = PBXBuildFile; fileRef = 8371683D2457541B00DA5700 /* ViewController.swift */; };
		837168412457541B00DA5700 /* Main.storyboard in Resources */ = {isa = PBXBuildFile; fileRef = 8371683F2457541B00DA5700 /* Main.storyboard */; };
		837168432457541C00DA5700 /* Assets.xcassets in Resources */ = {isa = PBXBuildFile; fileRef = 837168422457541C00DA5700 /* Assets.xcassets */; };
		837168462457541C00DA5700 /* LaunchScreen.storyboard in Resources */ = {isa = PBXBuildFile; fileRef = 837168442457541C00DA5700 /* LaunchScreen.storyboard */; };
		8371684F2457545900DA5700 /* CLLocationCoordinate+AdjustCoordinate.swift in Sources */ = {isa = PBXBuildFile; fileRef = 8371684E2457545900DA5700 /* CLLocationCoordinate+AdjustCoordinate.swift */; };
		83716854245754D600DA5700 /* CustomAnnotation.swift in Sources */ = {isa = PBXBuildFile; fileRef = 83716853245754D600DA5700 /* CustomAnnotation.swift */; };
		83716856245754EF00DA5700 /* CustomAnnotationView.swift in Sources */ = {isa = PBXBuildFile; fileRef = 83716855245754EF00DA5700 /* CustomAnnotationView.swift */; };
		837168582457550E00DA5700 /* CustomClusterAnnotationView.swift in Sources */ = {isa = PBXBuildFile; fileRef = 837168572457550E00DA5700 /* CustomClusterAnnotationView.swift */; };
/* End PBXBuildFile section */

/* Begin PBXFileReference section */
		837168362457541B00DA5700 /* MutatingAnnotationsCrash.app */ = {isa = PBXFileReference; explicitFileType = wrapper.application; includeInIndex = 0; path = MutatingAnnotationsCrash.app; sourceTree = BUILT_PRODUCTS_DIR; };
		837168392457541B00DA5700 /* AppDelegate.swift */ = {isa = PBXFileReference; lastKnownFileType = sourcecode.swift; path = AppDelegate.swift; sourceTree = "<group>"; };
		8371683B2457541B00DA5700 /* SceneDelegate.swift */ = {isa = PBXFileReference; lastKnownFileType = sourcecode.swift; path = SceneDelegate.swift; sourceTree = "<group>"; };
		8371683D2457541B00DA5700 /* ViewController.swift */ = {isa = PBXFileReference; lastKnownFileType = sourcecode.swift; path = ViewController.swift; sourceTree = "<group>"; };
		837168402457541B00DA5700 /* Base */ = {isa = PBXFileReference; lastKnownFileType = file.storyboard; name = Base; path = Base.lproj/Main.storyboard; sourceTree = "<group>"; };
		837168422457541C00DA5700 /* Assets.xcassets */ = {isa = PBXFileReference; lastKnownFileType = folder.assetcatalog; path = Assets.xcassets; sourceTree = "<group>"; };
		837168452457541C00DA5700 /* Base */ = {isa = PBXFileReference; lastKnownFileType = file.storyboard; name = Base; path = Base.lproj/LaunchScreen.storyboard; sourceTree = "<group>"; };
		837168472457541C00DA5700 /* Info.plist */ = {isa = PBXFileReference; lastKnownFileType = text.plist.xml; path = Info.plist; sourceTree = "<group>"; };
		8371684E2457545900DA5700 /* CLLocationCoordinate+AdjustCoordinate.swift */ = {isa = PBXFileReference; lastKnownFileType = sourcecode.swift; path = "CLLocationCoordinate+AdjustCoordinate.swift"; sourceTree = "<group>"; };
		83716853245754D600DA5700 /* CustomAnnotation.swift */ = {isa = PBXFileReference; lastKnownFileType = sourcecode.swift; path = CustomAnnotation.swift; sourceTree = "<group>"; };
		83716855245754EF00DA5700 /* CustomAnnotationView.swift */ = {isa = PBXFileReference; lastKnownFileType = sourcecode.swift; path = CustomAnnotationView.swift; sourceTree = "<group>"; };
		837168572457550E00DA5700 /* CustomClusterAnnotationView.swift */ = {isa = PBXFileReference; lastKnownFileType = sourcecode.swift; path = CustomClusterAnnotationView.swift; sourceTree = "<group>"; };
		83FF40A92457580000627110 /* README.md */ = {isa = PBXFileReference; lastKnownFileType = net.daringfireball.markdown; path = README.md; sourceTree = "<group>"; };
		83FF40AA24575B0100627110 /* LICENSE.md */ = {isa = PBXFileReference; lastKnownFileType = net.daringfireball.markdown; path = LICENSE.md; sourceTree = "<group>"; };
		83FF40AB24575D5400627110 /* stacktrace.png */ = {isa = PBXFileReference; lastKnownFileType = image.png; path = stacktrace.png; sourceTree = "<group>"; };
/* End PBXFileReference section */

/* Begin PBXFrameworksBuildPhase section */
		837168332457541B00DA5700 /* Frameworks */ = {
			isa = PBXFrameworksBuildPhase;
			buildActionMask = 2147483647;
			files = (
			);
			runOnlyForDeploymentPostprocessing = 0;
		};
/* End PBXFrameworksBuildPhase section */

/* Begin PBXGroup section */
		8371682D2457541B00DA5700 = {
			isa = PBXGroup;
			children = (
				83FF40A92457580000627110 /* README.md */,
				83FF40AA24575B0100627110 /* LICENSE.md */,
				83FF40AB24575D5400627110 /* stacktrace.png */,
				837168382457541B00DA5700 /* MutatingAnnotationsCrash */,
				837168372457541B00DA5700 /* Products */,
			);
			sourceTree = "<group>";
		};
		837168372457541B00DA5700 /* Products */ = {
			isa = PBXGroup;
			children = (
				837168362457541B00DA5700 /* MutatingAnnotationsCrash.app */,
			);
			name = Products;
			sourceTree = "<group>";
		};
		837168382457541B00DA5700 /* MutatingAnnotationsCrash */ = {
			isa = PBXGroup;
			children = (
				837168502457548300DA5700 /* App and scene delegates */,
				8371684D2457542B00DA5700 /* Extensions */,
				83716852245754C600DA5700 /* Models */,
				83716851245754B600DA5700 /* Views */,
				8371683F2457541B00DA5700 /* Main.storyboard */,
				837168422457541C00DA5700 /* Assets.xcassets */,
				837168442457541C00DA5700 /* LaunchScreen.storyboard */,
				837168472457541C00DA5700 /* Info.plist */,
			);
			path = MutatingAnnotationsCrash;
			sourceTree = "<group>";
		};
		8371684D2457542B00DA5700 /* Extensions */ = {
			isa = PBXGroup;
			children = (
				8371684E2457545900DA5700 /* CLLocationCoordinate+AdjustCoordinate.swift */,
			);
			path = Extensions;
			sourceTree = "<group>";
		};
		837168502457548300DA5700 /* App and scene delegates */ = {
			isa = PBXGroup;
			children = (
				837168392457541B00DA5700 /* AppDelegate.swift */,
				8371683B2457541B00DA5700 /* SceneDelegate.swift */,
			);
			path = "App and scene delegates";
			sourceTree = "<group>";
		};
		83716851245754B600DA5700 /* Views */ = {
			isa = PBXGroup;
			children = (
				8371683D2457541B00DA5700 /* ViewController.swift */,
				83716855245754EF00DA5700 /* CustomAnnotationView.swift */,
				837168572457550E00DA5700 /* CustomClusterAnnotationView.swift */,
			);
			path = Views;
			sourceTree = "<group>";
		};
		83716852245754C600DA5700 /* Models */ = {
			isa = PBXGroup;
			children = (
				83716853245754D600DA5700 /* CustomAnnotation.swift */,
			);
			path = Models;
			sourceTree = "<group>";
		};
/* End PBXGroup section */

/* Begin PBXNativeTarget section */
		837168352457541B00DA5700 /* MutatingAnnotationsCrash */ = {
			isa = PBXNativeTarget;
			buildConfigurationList = 8371684A2457541C00DA5700 /* Build configuration list for PBXNativeTarget "MutatingAnnotationsCrash" */;
			buildPhases = (
				837168322457541B00DA5700 /* Sources */,
				837168332457541B00DA5700 /* Frameworks */,
				837168342457541B00DA5700 /* Resources */,
			);
			buildRules = (
			);
			dependencies = (
			);
			name = MutatingAnnotationsCrash;
			productName = MutatingAnnotationsCrash;
			productReference = 837168362457541B00DA5700 /* MutatingAnnotationsCrash.app */;
			productType = "com.apple.product-type.application";
		};
/* End PBXNativeTarget section */

/* Begin PBXProject section */
		8371682E2457541B00DA5700 /* Project object */ = {
			isa = PBXProject;
			attributes = {
				LastSwiftUpdateCheck = 1140;
				LastUpgradeCheck = 1140;
				ORGANIZATIONNAME = "Robert Ryan";
				TargetAttributes = {
					837168352457541B00DA5700 = {
						CreatedOnToolsVersion = 11.4.1;
					};
				};
			};
			buildConfigurationList = 837168312457541B00DA5700 /* Build configuration list for PBXProject "MutatingAnnotationsCrash" */;
			compatibilityVersion = "Xcode 9.3";
			developmentRegion = en;
			hasScannedForEncodings = 0;
			knownRegions = (
				en,
				Base,
			);
			mainGroup = 8371682D2457541B00DA5700;
			productRefGroup = 837168372457541B00DA5700 /* Products */;
			projectDirPath = "";
			projectRoot = "";
			targets = (
				837168352457541B00DA5700 /* MutatingAnnotationsCrash */,
			);
		};
/* End PBXProject section */

/* Begin PBXResourcesBuildPhase section */
		837168342457541B00DA5700 /* Resources */ = {
			isa = PBXResourcesBuildPhase;
			buildActionMask = 2147483647;
			files = (
				837168462457541C00DA5700 /* LaunchScreen.storyboard in Resources */,
				837168432457541C00DA5700 /* Assets.xcassets in Resources */,
				837168412457541B00DA5700 /* Main.storyboard in Resources */,
			);
			runOnlyForDeploymentPostprocessing = 0;
		};
/* End PBXResourcesBuildPhase section */

/* Begin PBXSourcesBuildPhase section */
		837168322457541B00DA5700 /* Sources */ = {
			isa = PBXSourcesBuildPhase;
			buildActionMask = 2147483647;
			files = (
				8371684F2457545900DA5700 /* CLLocationCoordinate+AdjustCoordinate.swift in Sources */,
				8371683E2457541B00DA5700 /* ViewController.swift in Sources */,
				83716854245754D600DA5700 /* CustomAnnotation.swift in Sources */,
				837168582457550E00DA5700 /* CustomClusterAnnotationView.swift in Sources */,
				8371683A2457541B00DA5700 /* AppDelegate.swift in Sources */,
				83716856245754EF00DA5700 /* CustomAnnotationView.swift in Sources */,
				8371683C2457541B00DA5700 /* SceneDelegate.swift in Sources */,
			);
			runOnlyForDeploymentPostprocessing = 0;
		};
/* End PBXSourcesBuildPhase section */

/* Begin PBXVariantGroup section */
		8371683F2457541B00DA5700 /* Main.storyboard */ = {
			isa = PBXVariantGroup;
			children = (
				837168402457541B00DA5700 /* Base */,
			);
			name = Main.storyboard;
			sourceTree = "<group>";
		};
		837168442457541C00DA5700 /* LaunchScreen.storyboard */ = {
			isa = PBXVariantGroup;
			children = (
				837168452457541C00DA5700 /* Base */,
			);
			name = LaunchScreen.storyboard;
			sourceTree = "<group>";
		};
/* End PBXVariantGroup section */

/* Begin XCBuildConfiguration section */
		837168482457541C00DA5700 /* Debug */ = {
			isa = XCBuildConfiguration;
			buildSettings = {
				ALWAYS_SEARCH_USER_PATHS = NO;
				CLANG_ANALYZER_NONNULL = YES;
				CLANG_ANALYZER_NUMBER_OBJECT_CONVERSION = YES_AGGRESSIVE;
				CLANG_CXX_LANGUAGE_STANDARD = "gnu++14";
				CLANG_CXX_LIBRARY = "libc++";
				CLANG_ENABLE_MODULES = YES;
				CLANG_ENABLE_OBJC_ARC = YES;
				CLANG_ENABLE_OBJC_WEAK = YES;
				CLANG_WARN_BLOCK_CAPTURE_AUTORELEASING = YES;
				CLANG_WARN_BOOL_CONVERSION = YES;
				CLANG_WARN_COMMA = YES;
				CLANG_WARN_CONSTANT_CONVERSION = YES;
				CLANG_WARN_DEPRECATED_OBJC_IMPLEMENTATIONS = YES;
				CLANG_WARN_DIRECT_OBJC_ISA_USAGE = YES_ERROR;
				CLANG_WARN_DOCUMENTATION_COMMENTS = YES;
				CLANG_WARN_EMPTY_BODY = YES;
				CLANG_WARN_ENUM_CONVERSION = YES;
				CLANG_WARN_INFINITE_RECURSION = YES;
				CLANG_WARN_INT_CONVERSION = YES;
				CLANG_WARN_NON_LITERAL_NULL_CONVERSION = YES;
				CLANG_WARN_OBJC_IMPLICIT_RETAIN_SELF = YES;
				CLANG_WARN_OBJC_LITERAL_CONVERSION = YES;
				CLANG_WARN_OBJC_ROOT_CLASS = YES_ERROR;
				CLANG_WARN_RANGE_LOOP_ANALYSIS = YES;
				CLANG_WARN_STRICT_PROTOTYPES = YES;
				CLANG_WARN_SUSPICIOUS_MOVE = YES;
				CLANG_WARN_UNGUARDED_AVAILABILITY = YES_AGGRESSIVE;
				CLANG_WARN_UNREACHABLE_CODE = YES;
				CLANG_WARN__DUPLICATE_METHOD_MATCH = YES;
				COPY_PHASE_STRIP = NO;
				DEBUG_INFORMATION_FORMAT = dwarf;
				ENABLE_STRICT_OBJC_MSGSEND = YES;
				ENABLE_TESTABILITY = YES;
				GCC_C_LANGUAGE_STANDARD = gnu11;
				GCC_DYNAMIC_NO_PIC = NO;
				GCC_NO_COMMON_BLOCKS = YES;
				GCC_OPTIMIZATION_LEVEL = 0;
				GCC_PREPROCESSOR_DEFINITIONS = (
					"DEBUG=1",
					"$(inherited)",
				);
				GCC_WARN_64_TO_32_BIT_CONVERSION = YES;
				GCC_WARN_ABOUT_RETURN_TYPE = YES_ERROR;
				GCC_WARN_UNDECLARED_SELECTOR = YES;
				GCC_WARN_UNINITIALIZED_AUTOS = YES_AGGRESSIVE;
				GCC_WARN_UNUSED_FUNCTION = YES;
				GCC_WARN_UNUSED_VARIABLE = YES;
				IPHONEOS_DEPLOYMENT_TARGET = 13.4;
				MTL_ENABLE_DEBUG_INFO = INCLUDE_SOURCE;
				MTL_FAST_MATH = YES;
				ONLY_ACTIVE_ARCH = YES;
				SDKROOT = iphoneos;
				SWIFT_ACTIVE_COMPILATION_CONDITIONS = DEBUG;
				SWIFT_OPTIMIZATION_LEVEL = "-Onone";
			};
			name = Debug;
		};
		837168492457541C00DA5700 /* Release */ = {
			isa = XCBuildConfiguration;
			buildSettings = {
				ALWAYS_SEARCH_USER_PATHS = NO;
				CLANG_ANALYZER_NONNULL = YES;
				CLANG_ANALYZER_NUMBER_OBJECT_CONVERSION = YES_AGGRESSIVE;
				CLANG_CXX_LANGUAGE_STANDARD = "gnu++14";
				CLANG_CXX_LIBRARY = "libc++";
				CLANG_ENABLE_MODULES = YES;
				CLANG_ENABLE_OBJC_ARC = YES;
				CLANG_ENABLE_OBJC_WEAK = YES;
				CLANG_WARN_BLOCK_CAPTURE_AUTORELEASING = YES;
				CLANG_WARN_BOOL_CONVERSION = YES;
				CLANG_WARN_COMMA = YES;
				CLANG_WARN_CONSTANT_CONVERSION = YES;
				CLANG_WARN_DEPRECATED_OBJC_IMPLEMENTATIONS = YES;
				CLANG_WARN_DIRECT_OBJC_ISA_USAGE = YES_ERROR;
				CLANG_WARN_DOCUMENTATION_COMMENTS = YES;
				CLANG_WARN_EMPTY_BODY = YES;
				CLANG_WARN_ENUM_CONVERSION = YES;
				CLANG_WARN_INFINITE_RECURSION = YES;
				CLANG_WARN_INT_CONVERSION = YES;
				CLANG_WARN_NON_LITERAL_NULL_CONVERSION = YES;
				CLANG_WARN_OBJC_IMPLICIT_RETAIN_SELF = YES;
				CLANG_WARN_OBJC_LITERAL_CONVERSION = YES;
				CLANG_WARN_OBJC_ROOT_CLASS = YES_ERROR;
				CLANG_WARN_RANGE_LOOP_ANALYSIS = YES;
				CLANG_WARN_STRICT_PROTOTYPES = YES;
				CLANG_WARN_SUSPICIOUS_MOVE = YES;
				CLANG_WARN_UNGUARDED_AVAILABILITY = YES_AGGRESSIVE;
				CLANG_WARN_UNREACHABLE_CODE = YES;
				CLANG_WARN__DUPLICATE_METHOD_MATCH = YES;
				COPY_PHASE_STRIP = NO;
				DEBUG_INFORMATION_FORMAT = "dwarf-with-dsym";
				ENABLE_NS_ASSERTIONS = NO;
				ENABLE_STRICT_OBJC_MSGSEND = YES;
				GCC_C_LANGUAGE_STANDARD = gnu11;
				GCC_NO_COMMON_BLOCKS = YES;
				GCC_WARN_64_TO_32_BIT_CONVERSION = YES;
				GCC_WARN_ABOUT_RETURN_TYPE = YES_ERROR;
				GCC_WARN_UNDECLARED_SELECTOR = YES;
				GCC_WARN_UNINITIALIZED_AUTOS = YES_AGGRESSIVE;
				GCC_WARN_UNUSED_FUNCTION = YES;
				GCC_WARN_UNUSED_VARIABLE = YES;
				IPHONEOS_DEPLOYMENT_TARGET = 13.4;
				MTL_ENABLE_DEBUG_INFO = NO;
				MTL_FAST_MATH = YES;
				SDKROOT = iphoneos;
				SWIFT_COMPILATION_MODE = wholemodule;
				SWIFT_OPTIMIZATION_LEVEL = "-O";
				VALIDATE_PRODUCT = YES;
			};
			name = Release;
		};
		8371684B2457541C00DA5700 /* Debug */ = {
			isa = XCBuildConfiguration;
			buildSettings = {
				ASSETCATALOG_COMPILER_APPICON_NAME = AppIcon;
				CODE_SIGN_STYLE = Automatic;
				DEVELOPMENT_TEAM = UZAPXQTVQ4;
				INFOPLIST_FILE = MutatingAnnotationsCrash/Info.plist;
				LD_RUNPATH_SEARCH_PATHS = (
					"$(inherited)",
					"@executable_path/Frameworks",
				);
				PRODUCT_BUNDLE_IDENTIFIER = com.robertmryan.MutatingAnnotationsCrash;
				PRODUCT_NAME = "$(TARGET_NAME)";
				SWIFT_VERSION = 5.0;
				TARGETED_DEVICE_FAMILY = "1,2";
			};
			name = Debug;
		};
		8371684C2457541C00DA5700 /* Release */ = {
			isa = XCBuildConfiguration;
			buildSettings = {
				ASSETCATALOG_COMPILER_APPICON_NAME = AppIcon;
				CODE_SIGN_STYLE = Automatic;
				DEVELOPMENT_TEAM = UZAPXQTVQ4;
				INFOPLIST_FILE = MutatingAnnotationsCrash/Info.plist;
				LD_RUNPATH_SEARCH_PATHS = (
					"$(inherited)",
					"@executable_path/Frameworks",
				);
				PRODUCT_BUNDLE_IDENTIFIER = com.robertmryan.MutatingAnnotationsCrash;
				PRODUCT_NAME = "$(TARGET_NAME)";
				SWIFT_VERSION = 5.0;
				TARGETED_DEVICE_FAMILY = "1,2";
			};
			name = Release;
		};
/* End XCBuildConfiguration section */

/* Begin XCConfigurationList section */
		837168312457541B00DA5700 /* Build configuration list for PBXProject "MutatingAnnotationsCrash" */ = {
			isa = XCConfigurationList;
			buildConfigurations = (
				837168482457541C00DA5700 /* Debug */,
				837168492457541C00DA5700 /* Release */,
			);
			defaultConfigurationIsVisible = 0;
			defaultConfigurationName = Release;
		};
		8371684A2457541C00DA5700 /* Build configuration list for PBXNativeTarget "MutatingAnnotationsCrash" */ = {
			isa = XCConfigurationList;
			buildConfigurations = (
				8371684B2457541C00DA5700 /* Debug */,
				8371684C2457541C00DA5700 /* Release */,
			);
			defaultConfigurationIsVisible = 0;
			defaultConfigurationName = Release;
		};
/* End XCConfigurationList section */
	};
	rootObject = 8371682E2457541B00DA5700 /* Project object */;
}
